
Microsoft Visual Studio Solution File, Format Version 12.00
# Visual Studio Version 17
VisualStudioVersion = 17.9.34714.143
MinimumVisualStudioVersion = 10.0.40219.1
Project("{9A19103F-16F7-4668-BE54-9A1E7A4F7556}") = "WebApplication1", "WebApplication1\WebApplication1.csproj", "{C5B25A3A-0409-4C6D-BB89-EB8DEAA1B076}"
EndProject
Project("{E53339B2-1760-4266-BCC7-CA923CBCF16C}") = "docker-compose", "docker-compose.dcproj", "{941F2A70-D87A-4F34-8E13-0B5968E9D133}"
EndProject
Global
	GlobalSection(SolutionConfigurationPlatforms) = preSolution
		Debug|Any CPU = Debug|Any CPU
		Release|Any CPU = Release|Any CPU
	EndGlobalSection
	GlobalSection(ProjectConfigurationPlatforms) = postSolution
		{C5B25A3A-0409-4C6D-BB89-EB8DEAA1B076}.Debug|Any CPU.ActiveCfg = Debug|Any CPU
		{C5B25A3A-0409-4C6D-BB89-EB8DEAA1B076}.Debug|Any CPU.Build.0 = Debug|Any CPU
		{C5B25A3A-0409-4C6D-BB89-EB8DEAA1B076}.Release|Any CPU.ActiveCfg = Release|Any CPU
		{C5B25A3A-0409-4C6D-BB89-EB8DEAA1B076}.Release|Any CPU.Build.0 = Release|Any CPU
		{941F2A70-D87A-4F34-8E13-0B5968E9D133}.Debug|Any CPU.ActiveCfg = Debug|Any CPU
		{941F2A70-D87A-4F34-8E13-0B5968E9D133}.Debug|Any CPU.Build.0 = Debug|Any CPU
		{941F2A70-D87A-4F34-8E13-0B5968E9D133}.Release|Any CPU.ActiveCfg = Release|Any CPU
		{941F2A70-D87A-4F34-8E13-0B5968E9D133}.Release|Any CPU.Build.0 = Release|Any CPU
	EndGlobalSection
	GlobalSection(SolutionProperties) = preSolution
		HideSolutionNode = FALSE
	EndGlobalSection
	GlobalSection(ExtensibilityGlobals) = postSolution
		SolutionGuid = {33609FA8-811C-49C8-9665-6A52B12537A8}
	EndGlobalSection
EndGlobal
